
Microsoft Visual Studio Solution File, Format Version 12.00
# Visual Studio 15
Project("{FAE04EC0-301F-11D3-BF4B-00C04F79EFBC}") = "Assembly-CSharp", "Assembly-CSharp.csproj", "{638980C8-3A86-DE8C-B6B8-0C46A13A1589}"
EndProject
Project("{FAE04EC0-301F-11D3-BF4B-00C04F79EFBC}") = "Assembly-CSharp-firstpass", "Assembly-CSharp-firstpass.csproj", "{4001DA94-A0F8-3CDE-9570-53684EBBCEC1}"
EndProject
Project("{FAE04EC0-301F-11D3-BF4B-00C04F79EFBC}") = "Assembly-CSharp-Editor", "Assembly-CSharp-Editor.csproj", "{57E78EFA-DB4A-51AA-816E-677D6ACD76A8}"
EndProject
Project("{FAE04EC0-301F-11D3-BF4B-00C04F79EFBC}") = "Assembly-CSharp-Editor-firstpass", "Assembly-CSharp-Editor-firstpass.csproj", "{7487F69E-AA2C-8A16-6A42-039D22BC48B9}"
EndProject
Global
	GlobalSection(SolutionConfigurationPlatforms) = preSolution
		Debug|Any CPU = Debug|Any CPU
		Release|Any CPU = Release|Any CPU
	EndGlobalSection
	GlobalSection(ProjectConfigurationPlatforms) = postSolution
		{638980C8-3A86-DE8C-B6B8-0C46A13A1589}.Debug|Any CPU.ActiveCfg = Debug|Any CPU
		{638980C8-3A86-DE8C-B6B8-0C46A13A1589}.Debug|Any CPU.Build.0 = Debug|Any CPU
		{638980C8-3A86-DE8C-B6B8-0C46A13A1589}.Release|Any CPU.ActiveCfg = Release|Any CPU
		{638980C8-3A86-DE8C-B6B8-0C46A13A1589}.Release|Any CPU.Build.0 = Release|Any CPU
		{4001DA94-A0F8-3CDE-9570-53684EBBCEC1}.Debug|Any CPU.ActiveCfg = Debug|Any CPU
		{4001DA94-A0F8-3CDE-9570-53684EBBCEC1}.Debug|Any CPU.Build.0 = Debug|Any CPU
		{4001DA94-A0F8-3CDE-9570-53684EBBCEC1}.Release|Any CPU.ActiveCfg = Release|Any CPU
		{4001DA94-A0F8-3CDE-9570-53684EBBCEC1}.Release|Any CPU.Build.0 = Release|Any CPU
		{57E78EFA-DB4A-51AA-816E-677D6ACD76A8}.Debug|Any CPU.ActiveCfg = Debug|Any CPU
		{57E78EFA-DB4A-51AA-816E-677D6ACD76A8}.Debug|Any CPU.Build.0 = Debug|Any CPU
		{57E78EFA-DB4A-51AA-816E-677D6ACD76A8}.Release|Any CPU.ActiveCfg = Release|Any CPU
		{57E78EFA-DB4A-51AA-816E-677D6ACD76A8}.Release|Any CPU.Build.0 = Release|Any CPU
		{7487F69E-AA2C-8A16-6A42-039D22BC48B9}.Debug|Any CPU.ActiveCfg = Debug|Any CPU
		{7487F69E-AA2C-8A16-6A42-039D22BC48B9}.Debug|Any CPU.Build.0 = Debug|Any CPU
		{7487F69E-AA2C-8A16-6A42-039D22BC48B9}.Release|Any CPU.ActiveCfg = Release|Any CPU
		{7487F69E-AA2C-8A16-6A42-039D22BC48B9}.Release|Any CPU.Build.0 = Release|Any CPU
	EndGlobalSection
	GlobalSection(SolutionProperties) = preSolution
		HideSolutionNode = FALSE
	EndGlobalSection
EndGlobal
